
Microsoft Visual Studio Solution File, Format Version 12.00
# Visual Studio Version 16
VisualStudioVersion = 16.0.29324.140
MinimumVisualStudioVersion = 10.0.40219.1
Project("{8BC9CEB8-8B4A-11D0-8D11-00A0C91BC942}") = "PresentData", "PresentData\PresentData.vcxproj", "{892028E5-32F6-45FC-8AB2-90FCBCAC4BF6}"
EndProject
Project("{8BC9CEB8-8B4A-11D0-8D11-00A0C91BC942}") = "PresentMon", "PresentMon\PresentMon.vcxproj", "{4EB9794B-1F12-48CE-ADC1-917E9810F29E}"
	ProjectSection(ProjectDependencies) = postProject
		{892028E5-32F6-45FC-8AB2-90FCBCAC4BF6} = {892028E5-32F6-45FC-8AB2-90FCBCAC4BF6}
	EndProjectSection
EndProject
Project("{8BC9CEB8-8B4A-11D0-8D11-00A0C91BC942}") = "PresentMonTests", "Tests\PresentMonTests.vcxproj", "{0F60DFD9-208E-443E-8D01-43C902B458A6}"
EndProject
Project("{8BC9CEB8-8B4A-11D0-8D11-00A0C91BC942}") = "FpsTracker", "FpsTracker\FpsTracker.vcxproj", "{1842B4E6-3544-44E4-B5A2-4DF1D2D16CDC}"
	ProjectSection(ProjectDependencies) = postProject
		{4EB9794B-1F12-48CE-ADC1-917E9810F29E} = {4EB9794B-1F12-48CE-ADC1-917E9810F29E}
		{892028E5-32F6-45FC-8AB2-90FCBCAC4BF6} = {892028E5-32F6-45FC-8AB2-90FCBCAC4BF6}
	EndProjectSection
EndProject
Project("{8BC9CEB8-8B4A-11D0-8D11-00A0C91BC942}") = "GameDetectionLogic", "GameDetectionLogic\GameDetectionLogic.vcxproj", "{59A46874-4B8C-4015-9311-02BAB9B921E5}"
EndProject
Project("{8BC9CEB8-8B4A-11D0-8D11-00A0C91BC942}") = "TestEG", "TestEG\TestEG.vcxproj", "{2C869424-0A9D-440D-BA04-B9ABA33316D6}"
	ProjectSection(ProjectDependencies) = postProject
		{4EB9794B-1F12-48CE-ADC1-917E9810F29E} = {4EB9794B-1F12-48CE-ADC1-917E9810F29E}
		{2519EDCC-8BCE-487C-A744-CC00CCDF7C56} = {2519EDCC-8BCE-487C-A744-CC00CCDF7C56}
		{892028E5-32F6-45FC-8AB2-90FCBCAC4BF6} = {892028E5-32F6-45FC-8AB2-90FCBCAC4BF6}
		{8C9554FF-B152-403A-AC26-794C0A3B5C1A} = {8C9554FF-B152-403A-AC26-794C0A3B5C1A}
	EndProjectSection
EndProject
Project("{8BC9CEB8-8B4A-11D0-8D11-00A0C91BC942}") = "GpuTracker", "GpuTracker\GpuTracker.vcxproj", "{8C9554FF-B152-403A-AC26-794C0A3B5C1A}"
EndProject
Project("{8BC9CEB8-8B4A-11D0-8D11-00A0C91BC942}") = "EnduranceGamingPolicy", "EnduranceGamingPolicy\EnduranceGamingPolicy.vcxproj", "{2519EDCC-8BCE-487C-A744-CC00CCDF7C56}"
EndProject
Global
	GlobalSection(SolutionConfigurationPlatforms) = preSolution
		Debug|ARM = Debug|ARM
		Debug|ARM64 = Debug|ARM64
		Debug|x64 = Debug|x64
		Debug|x86 = Debug|x86
		Release|ARM = Release|ARM
		Release|ARM64 = Release|ARM64
		Release|x64 = Release|x64
		Release|x86 = Release|x86
	EndGlobalSection
	GlobalSection(ProjectConfigurationPlatforms) = postSolution
		{892028E5-32F6-45FC-8AB2-90FCBCAC4BF6}.Debug|ARM.ActiveCfg = Debug|ARM
		{892028E5-32F6-45FC-8AB2-90FCBCAC4BF6}.Debug|ARM.Build.0 = Debug|ARM
		{892028E5-32F6-45FC-8AB2-90FCBCAC4BF6}.Debug|ARM64.ActiveCfg = Debug|ARM64
		{892028E5-32F6-45FC-8AB2-90FCBCAC4BF6}.Debug|ARM64.Build.0 = Debug|ARM64
		{892028E5-32F6-45FC-8AB2-90FCBCAC4BF6}.Debug|x64.ActiveCfg = Debug|x64
		{892028E5-32F6-45FC-8AB2-90FCBCAC4BF6}.Debug|x64.Build.0 = Debug|x64
		{892028E5-32F6-45FC-8AB2-90FCBCAC4BF6}.Debug|x86.ActiveCfg = Debug|Win32
		{892028E5-32F6-45FC-8AB2-90FCBCAC4BF6}.Debug|x86.Build.0 = Debug|Win32
		{892028E5-32F6-45FC-8AB2-90FCBCAC4BF6}.Release|ARM.ActiveCfg = Release|ARM
		{892028E5-32F6-45FC-8AB2-90FCBCAC4BF6}.Release|ARM.Build.0 = Release|ARM
		{892028E5-32F6-45FC-8AB2-90FCBCAC4BF6}.Release|ARM64.ActiveCfg = Release|ARM64
		{892028E5-32F6-45FC-8AB2-90FCBCAC4BF6}.Release|ARM64.Build.0 = Release|ARM64
		{892028E5-32F6-45FC-8AB2-90FCBCAC4BF6}.Release|x64.ActiveCfg = Release|x64
		{892028E5-32F6-45FC-8AB2-90FCBCAC4BF6}.Release|x64.Build.0 = Release|x64
		{892028E5-32F6-45FC-8AB2-90FCBCAC4BF6}.Release|x86.ActiveCfg = Release|Win32
		{892028E5-32F6-45FC-8AB2-90FCBCAC4BF6}.Release|x86.Build.0 = Release|Win32
		{4EB9794B-1F12-48CE-ADC1-917E9810F29E}.Debug|ARM.ActiveCfg = Debug|ARM
		{4EB9794B-1F12-48CE-ADC1-917E9810F29E}.Debug|ARM.Build.0 = Debug|ARM
		{4EB9794B-1F12-48CE-ADC1-917E9810F29E}.Debug|ARM64.ActiveCfg = Debug|ARM64
		{4EB9794B-1F12-48CE-ADC1-917E9810F29E}.Debug|ARM64.Build.0 = Debug|ARM64
		{4EB9794B-1F12-48CE-ADC1-917E9810F29E}.Debug|x64.ActiveCfg = Debug|x64
		{4EB9794B-1F12-48CE-ADC1-917E9810F29E}.Debug|x64.Build.0 = Debug|x64
		{4EB9794B-1F12-48CE-ADC1-917E9810F29E}.Debug|x86.ActiveCfg = Debug|Win32
		{4EB9794B-1F12-48CE-ADC1-917E9810F29E}.Debug|x86.Build.0 = Debug|Win32
		{4EB9794B-1F12-48CE-ADC1-917E9810F29E}.Release|ARM.ActiveCfg = Release|ARM
		{4EB9794B-1F12-48CE-ADC1-917E9810F29E}.Release|ARM.Build.0 = Release|ARM
		{4EB9794B-1F12-48CE-ADC1-917E9810F29E}.Release|ARM64.ActiveCfg = Release|ARM64
		{4EB9794B-1F12-48CE-ADC1-917E9810F29E}.Release|ARM64.Build.0 = Release|ARM64
		{4EB9794B-1F12-48CE-ADC1-917E9810F29E}.Release|x64.ActiveCfg = Release|x64
		{4EB9794B-1F12-48CE-ADC1-917E9810F29E}.Release|x64.Build.0 = Release|x64
		{4EB9794B-1F12-48CE-ADC1-917E9810F29E}.Release|x86.ActiveCfg = Release|Win32
		{4EB9794B-1F12-48CE-ADC1-917E9810F29E}.Release|x86.Build.0 = Release|Win32
		{0F60DFD9-208E-443E-8D01-43C902B458A6}.Debug|ARM.ActiveCfg = Debug|ARM
		{0F60DFD9-208E-443E-8D01-43C902B458A6}.Debug|ARM.Build.0 = Debug|ARM
		{0F60DFD9-208E-443E-8D01-43C902B458A6}.Debug|ARM64.ActiveCfg = Debug|ARM64
		{0F60DFD9-208E-443E-8D01-43C902B458A6}.Debug|ARM64.Build.0 = Debug|ARM64
		{0F60DFD9-208E-443E-8D01-43C902B458A6}.Debug|x64.ActiveCfg = Debug|x64
		{0F60DFD9-208E-443E-8D01-43C902B458A6}.Debug|x64.Build.0 = Debug|x64
		{0F60DFD9-208E-443E-8D01-43C902B458A6}.Debug|x86.ActiveCfg = Debug|Win32
		{0F60DFD9-208E-443E-8D01-43C902B458A6}.Debug|x86.Build.0 = Debug|Win32
		{0F60DFD9-208E-443E-8D01-43C902B458A6}.Release|ARM.ActiveCfg = Release|ARM
		{0F60DFD9-208E-443E-8D01-43C902B458A6}.Release|ARM.Build.0 = Release|ARM
		{0F60DFD9-208E-443E-8D01-43C902B458A6}.Release|ARM64.ActiveCfg = Release|ARM64
		{0F60DFD9-208E-443E-8D01-43C902B458A6}.Release|ARM64.Build.0 = Release|ARM64
		{0F60DFD9-208E-443E-8D01-43C902B458A6}.Release|x64.ActiveCfg = Release|x64
		{0F60DFD9-208E-443E-8D01-43C902B458A6}.Release|x64.Build.0 = Release|x64
		{0F60DFD9-208E-443E-8D01-43C902B458A6}.Release|x86.ActiveCfg = Release|Win32
		{0F60DFD9-208E-443E-8D01-43C902B458A6}.Release|x86.Build.0 = Release|Win32
		{1842B4E6-3544-44E4-B5A2-4DF1D2D16CDC}.Debug|ARM.ActiveCfg = Debug|ARM
		{1842B4E6-3544-44E4-B5A2-4DF1D2D16CDC}.Debug|ARM.Build.0 = Debug|ARM
		{1842B4E6-3544-44E4-B5A2-4DF1D2D16CDC}.Debug|ARM64.ActiveCfg = Debug|ARM64
		{1842B4E6-3544-44E4-B5A2-4DF1D2D16CDC}.Debug|ARM64.Build.0 = Debug|ARM64
		{1842B4E6-3544-44E4-B5A2-4DF1D2D16CDC}.Debug|x64.ActiveCfg = Debug|x64
		{1842B4E6-3544-44E4-B5A2-4DF1D2D16CDC}.Debug|x64.Build.0 = Debug|x64
		{1842B4E6-3544-44E4-B5A2-4DF1D2D16CDC}.Debug|x86.ActiveCfg = Debug|Win32
		{1842B4E6-3544-44E4-B5A2-4DF1D2D16CDC}.Debug|x86.Build.0 = Debug|Win32
		{1842B4E6-3544-44E4-B5A2-4DF1D2D16CDC}.Release|ARM.ActiveCfg = Release|ARM
		{1842B4E6-3544-44E4-B5A2-4DF1D2D16CDC}.Release|ARM.Build.0 = Release|ARM
		{1842B4E6-3544-44E4-B5A2-4DF1D2D16CDC}.Release|ARM64.ActiveCfg = Release|ARM64
		{1842B4E6-3544-44E4-B5A2-4DF1D2D16CDC}.Release|ARM64.Build.0 = Release|ARM64
		{1842B4E6-3544-44E4-B5A2-4DF1D2D16CDC}.Release|x64.ActiveCfg = Release|x64
		{1842B4E6-3544-44E4-B5A2-4DF1D2D16CDC}.Release|x64.Build.0 = Release|x64
		{1842B4E6-3544-44E4-B5A2-4DF1D2D16CDC}.Release|x86.ActiveCfg = Release|Win32
		{1842B4E6-3544-44E4-B5A2-4DF1D2D16CDC}.Release|x86.Build.0 = Release|Win32
		{59A46874-4B8C-4015-9311-02BAB9B921E5}.Debug|ARM.ActiveCfg = Debug|ARM
		{59A46874-4B8C-4015-9311-02BAB9B921E5}.Debug|ARM.Build.0 = Debug|ARM
		{59A46874-4B8C-4015-9311-02BAB9B921E5}.Debug|ARM64.ActiveCfg = Debug|ARM64
		{59A46874-4B8C-4015-9311-02BAB9B921E5}.Debug|ARM64.Build.0 = Debug|ARM64
		{59A46874-4B8C-4015-9311-02BAB9B921E5}.Debug|x64.ActiveCfg = Debug|x64
		{59A46874-4B8C-4015-9311-02BAB9B921E5}.Debug|x64.Build.0 = Debug|x64
		{59A46874-4B8C-4015-9311-02BAB9B921E5}.Debug|x86.ActiveCfg = Debug|Win32
		{59A46874-4B8C-4015-9311-02BAB9B921E5}.Debug|x86.Build.0 = Debug|Win32
		{59A46874-4B8C-4015-9311-02BAB9B921E5}.Release|ARM.ActiveCfg = Release|ARM
		{59A46874-4B8C-4015-9311-02BAB9B921E5}.Release|ARM.Build.0 = Release|ARM
		{59A46874-4B8C-4015-9311-02BAB9B921E5}.Release|ARM64.ActiveCfg = Release|ARM64
		{59A46874-4B8C-4015-9311-02BAB9B921E5}.Release|ARM64.Build.0 = Release|ARM64
		{59A46874-4B8C-4015-9311-02BAB9B921E5}.Release|x64.ActiveCfg = Release|x64
		{59A46874-4B8C-4015-9311-02BAB9B921E5}.Release|x64.Build.0 = Release|x64
		{59A46874-4B8C-4015-9311-02BAB9B921E5}.Release|x86.ActiveCfg = Release|Win32
		{59A46874-4B8C-4015-9311-02BAB9B921E5}.Release|x86.Build.0 = Release|Win32
		{2C869424-0A9D-440D-BA04-B9ABA33316D6}.Debug|ARM.ActiveCfg = Debug|Win32
		{2C869424-0A9D-440D-BA04-B9ABA33316D6}.Debug|ARM64.ActiveCfg = Debug|Win32
		{2C869424-0A9D-440D-BA04-B9ABA33316D6}.Debug|x64.ActiveCfg = Debug|x64
		{2C869424-0A9D-440D-BA04-B9ABA33316D6}.Debug|x64.Build.0 = Debug|x64
		{2C869424-0A9D-440D-BA04-B9ABA33316D6}.Debug|x86.ActiveCfg = Debug|Win32
		{2C869424-0A9D-440D-BA04-B9ABA33316D6}.Debug|x86.Build.0 = Debug|Win32
		{2C869424-0A9D-440D-BA04-B9ABA33316D6}.Release|ARM.ActiveCfg = Release|Win32
		{2C869424-0A9D-440D-BA04-B9ABA33316D6}.Release|ARM64.ActiveCfg = Release|Win32
		{2C869424-0A9D-440D-BA04-B9ABA33316D6}.Release|x64.ActiveCfg = Release|x64
		{2C869424-0A9D-440D-BA04-B9ABA33316D6}.Release|x64.Build.0 = Release|x64
		{2C869424-0A9D-440D-BA04-B9ABA33316D6}.Release|x86.ActiveCfg = Release|Win32
		{2C869424-0A9D-440D-BA04-B9ABA33316D6}.Release|x86.Build.0 = Release|Win32
		{8C9554FF-B152-403A-AC26-794C0A3B5C1A}.Debug|ARM.ActiveCfg = Debug|ARM
		{8C9554FF-B152-403A-AC26-794C0A3B5C1A}.Debug|ARM.Build.0 = Debug|ARM
		{8C9554FF-B152-403A-AC26-794C0A3B5C1A}.Debug|ARM64.ActiveCfg = Debug|ARM64
		{8C9554FF-B152-403A-AC26-794C0A3B5C1A}.Debug|ARM64.Build.0 = Debug|ARM64
		{8C9554FF-B152-403A-AC26-794C0A3B5C1A}.Debug|x64.ActiveCfg = Debug|x64
		{8C9554FF-B152-403A-AC26-794C0A3B5C1A}.Debug|x64.Build.0 = Debug|x64
		{8C9554FF-B152-403A-AC26-794C0A3B5C1A}.Debug|x86.ActiveCfg = Debug|Win32
		{8C9554FF-B152-403A-AC26-794C0A3B5C1A}.Debug|x86.Build.0 = Debug|Win32
		{8C9554FF-B152-403A-AC26-794C0A3B5C1A}.Release|ARM.ActiveCfg = Release|ARM
		{8C9554FF-B152-403A-AC26-794C0A3B5C1A}.Release|ARM.Build.0 = Release|ARM
		{8C9554FF-B152-403A-AC26-794C0A3B5C1A}.Release|ARM64.ActiveCfg = Release|ARM64
		{8C9554FF-B152-403A-AC26-794C0A3B5C1A}.Release|ARM64.Build.0 = Release|ARM64
		{8C9554FF-B152-403A-AC26-794C0A3B5C1A}.Release|x64.ActiveCfg = Release|x64
		{8C9554FF-B152-403A-AC26-794C0A3B5C1A}.Release|x64.Build.0 = Release|x64
		{8C9554FF-B152-403A-AC26-794C0A3B5C1A}.Release|x86.ActiveCfg = Release|Win32
		{8C9554FF-B152-403A-AC26-794C0A3B5C1A}.Release|x86.Build.0 = Release|Win32
		{2519EDCC-8BCE-487C-A744-CC00CCDF7C56}.Debug|ARM.ActiveCfg = Debug|ARM
		{2519EDCC-8BCE-487C-A744-CC00CCDF7C56}.Debug|ARM.Build.0 = Debug|ARM
		{2519EDCC-8BCE-487C-A744-CC00CCDF7C56}.Debug|ARM64.ActiveCfg = Debug|ARM64
		{2519EDCC-8BCE-487C-A744-CC00CCDF7C56}.Debug|ARM64.Build.0 = Debug|ARM64
		{2519EDCC-8BCE-487C-A744-CC00CCDF7C56}.Debug|x64.ActiveCfg = Debug|x64
		{2519EDCC-8BCE-487C-A744-CC00CCDF7C56}.Debug|x64.Build.0 = Debug|x64
		{2519EDCC-8BCE-487C-A744-CC00CCDF7C56}.Debug|x86.ActiveCfg = Debug|Win32
		{2519EDCC-8BCE-487C-A744-CC00CCDF7C56}.Debug|x86.Build.0 = Debug|Win32
		{2519EDCC-8BCE-487C-A744-CC00CCDF7C56}.Release|ARM.ActiveCfg = Release|ARM
		{2519EDCC-8BCE-487C-A744-CC00CCDF7C56}.Release|ARM.Build.0 = Release|ARM
		{2519EDCC-8BCE-487C-A744-CC00CCDF7C56}.Release|ARM64.ActiveCfg = Release|ARM64
		{2519EDCC-8BCE-487C-A744-CC00CCDF7C56}.Release|ARM64.Build.0 = Release|ARM64
		{2519EDCC-8BCE-487C-A744-CC00CCDF7C56}.Release|x64.ActiveCfg = Release|x64
		{2519EDCC-8BCE-487C-A744-CC00CCDF7C56}.Release|x64.Build.0 = Release|x64
		{2519EDCC-8BCE-487C-A744-CC00CCDF7C56}.Release|x86.ActiveCfg = Release|Win32
		{2519EDCC-8BCE-487C-A744-CC00CCDF7C56}.Release|x86.Build.0 = Release|Win32
	EndGlobalSection
	GlobalSection(SolutionProperties) = preSolution
		HideSolutionNode = FALSE
	EndGlobalSection
	GlobalSection(ExtensibilityGlobals) = postSolution
		SolutionGuid = {72164F99-7131-46FF-BA21-166582528255}
	EndGlobalSection
EndGlobal
